
Microsoft Visual Studio Solution File, Format Version 12.00
# Visual Studio Version 16
VisualStudioVersion = 16.0.30804.86
MinimumVisualStudioVersion = 10.0.40219.1
Project("{FAE04EC0-301F-11D3-BF4B-00C04F79EFBC}") = "INSS", "INSS.csproj", "{68F7E0F8-788F-430A-9B09-39624AA436A2}"
EndProject
Project("{FAE04EC0-301F-11D3-BF4B-00C04F79EFBC}") = "RunInss", "..\RunInss\RunInss.csproj", "{062995E9-1D8D-4573-B2AF-9ED610BBE4A0}"
EndProject
Global
	GlobalSection(SolutionConfigurationPlatforms) = preSolution
		Debug|Any CPU = Debug|Any CPU
		Release|Any CPU = Release|Any CPU
	EndGlobalSection
	GlobalSection(ProjectConfigurationPlatforms) = postSolution
		{68F7E0F8-788F-430A-9B09-39624AA436A2}.Debug|Any CPU.ActiveCfg = Debug|Any CPU
		{68F7E0F8-788F-430A-9B09-39624AA436A2}.Debug|Any CPU.Build.0 = Debug|Any CPU
		{68F7E0F8-788F-430A-9B09-39624AA436A2}.Release|Any CPU.ActiveCfg = Release|Any CPU
		{68F7E0F8-788F-430A-9B09-39624AA436A2}.Release|Any CPU.Build.0 = Release|Any CPU
		{062995E9-1D8D-4573-B2AF-9ED610BBE4A0}.Debug|Any CPU.ActiveCfg = Debug|Any CPU
		{062995E9-1D8D-4573-B2AF-9ED610BBE4A0}.Debug|Any CPU.Build.0 = Debug|Any CPU
		{062995E9-1D8D-4573-B2AF-9ED610BBE4A0}.Release|Any CPU.ActiveCfg = Release|Any CPU
		{062995E9-1D8D-4573-B2AF-9ED610BBE4A0}.Release|Any CPU.Build.0 = Release|Any CPU
	EndGlobalSection
	GlobalSection(SolutionProperties) = preSolution
		HideSolutionNode = FALSE
	EndGlobalSection
	GlobalSection(ExtensibilityGlobals) = postSolution
		SolutionGuid = {03D11E8B-D3FD-48CF-99E8-4F6F2AB4C30F}
	EndGlobalSection
EndGlobal
